
Microsoft Visual Studio Solution File, Format Version 12.00
# Visual Studio Version 17
VisualStudioVersion = 17.9.34728.123
MinimumVisualStudioVersion = 10.0.40219.1
Project("{FAE04EC0-301F-11D3-BF4B-00C04F79EFBC}") = "AzureServiceBus.Sender", "AzureServiceBus.Sender.csproj", "{A290A8B3-00C8-4520-8522-EADB845B4CB4}"
EndProject
Global
	GlobalSection(SolutionConfigurationPlatforms) = preSolution
		Debug|Any CPU = Debug|Any CPU
		Release|Any CPU = Release|Any CPU
	EndGlobalSection
	GlobalSection(ProjectConfigurationPlatforms) = postSolution
		{A290A8B3-00C8-4520-8522-EADB845B4CB4}.Debug|Any CPU.ActiveCfg = Debug|Any CPU
		{A290A8B3-00C8-4520-8522-EADB845B4CB4}.Debug|Any CPU.Build.0 = Debug|Any CPU
		{A290A8B3-00C8-4520-8522-EADB845B4CB4}.Release|Any CPU.ActiveCfg = Release|Any CPU
		{A290A8B3-00C8-4520-8522-EADB845B4CB4}.Release|Any CPU.Build.0 = Release|Any CPU
	EndGlobalSection
	GlobalSection(SolutionProperties) = preSolution
		HideSolutionNode = FALSE
	EndGlobalSection
	GlobalSection(ExtensibilityGlobals) = postSolution
		SolutionGuid = {FA470380-1346-45E0-B755-2FA647BF407D}
	EndGlobalSection
EndGlobal
